
Microsoft Visual Studio Solution File, Format Version 12.00
# Visual Studio Version 17
VisualStudioVersion = 17.0.31903.59
MinimumVisualStudioVersion = 10.0.40219.1
Project("{2150E333-8FDC-42A3-9474-1A3956D46DE8}") = "src", "src", "{827E0CD3-B72D-47B6-A68D-7590B98EB39B}"
EndProject
Project("{FAE04EC0-301F-11D3-BF4B-00C04F79EFBC}") = "ECommerce.API", "src\ECommerce.API\ECommerce.API.csproj", "{267F3034-AEE6-4449-9756-EFB0F2E52EC5}"
EndProject
Project("{FAE04EC0-301F-11D3-BF4B-00C04F79EFBC}") = "ECommerce.Domain", "src\ECommerce.Domain\ECommerce.Domain.csproj", "{8AAB5BD2-4653-4484-811A-2F66B6B1628F}"
EndProject
Project("{FAE04EC0-301F-11D3-BF4B-00C04F79EFBC}") = "ECommerce.Application", "src\ECommerce.Application\ECommerce.Application.csproj", "{CA4A3915-1F9C-473C-B024-F22C79632666}"
EndProject
Project("{FAE04EC0-301F-11D3-BF4B-00C04F79EFBC}") = "ECommerce.Infrastructure", "src\ECommerce.Infrastructure\ECommerce.Infrastructure.csproj", "{B48A5BF8-9ED1-4ABD-A178-300900D5408B}"
EndProject
Project("{FAE04EC0-301F-11D3-BF4B-00C04F79EFBC}") = "ECommerce.UnitTests", "tests\ECommerce.UnitTests\ECommerce.UnitTests.csproj", "{93ADE37A-C2F3-4A46-9F1C-5994C0C824F6}"
EndProject
Project("{FAE04EC0-301F-11D3-BF4B-00C04F79EFBC}") = "ECommerce.IntegrationTests", "tests\ECommerce.IntegrationTests\ECommerce.IntegrationTests.csproj", "{F8A1BE29-6DF7-4EC8-B213-88E1A65987C1}"
EndProject
Project("{FAE04EC0-301F-11D3-BF4B-00C04F79EFBC}") = "ECommerce.Infrastructure.PostgreSql.Migrations", "src\ECommerce.Infrastructure.PostgreSql.Migrations\ECommerce.Infrastructure.PostgreSql.Migrations.csproj", "{29A9DF4F-DFEC-4712-A181-24648F4107B3}"
EndProject
Global
	GlobalSection(SolutionConfigurationPlatforms) = preSolution
		Debug|Any CPU = Debug|Any CPU
		Debug|x64 = Debug|x64
		Debug|x86 = Debug|x86
		Release|Any CPU = Release|Any CPU
		Release|x64 = Release|x64
		Release|x86 = Release|x86
	EndGlobalSection
	GlobalSection(ProjectConfigurationPlatforms) = postSolution
		{267F3034-AEE6-4449-9756-EFB0F2E52EC5}.Debug|Any CPU.ActiveCfg = Debug|Any CPU
		{267F3034-AEE6-4449-9756-EFB0F2E52EC5}.Debug|Any CPU.Build.0 = Debug|Any CPU
		{267F3034-AEE6-4449-9756-EFB0F2E52EC5}.Debug|x64.ActiveCfg = Debug|Any CPU
		{267F3034-AEE6-4449-9756-EFB0F2E52EC5}.Debug|x64.Build.0 = Debug|Any CPU
		{267F3034-AEE6-4449-9756-EFB0F2E52EC5}.Debug|x86.ActiveCfg = Debug|Any CPU
		{267F3034-AEE6-4449-9756-EFB0F2E52EC5}.Debug|x86.Build.0 = Debug|Any CPU
		{267F3034-AEE6-4449-9756-EFB0F2E52EC5}.Release|Any CPU.ActiveCfg = Release|Any CPU
		{267F3034-AEE6-4449-9756-EFB0F2E52EC5}.Release|Any CPU.Build.0 = Release|Any CPU
		{267F3034-AEE6-4449-9756-EFB0F2E52EC5}.Release|x64.ActiveCfg = Release|Any CPU
		{267F3034-AEE6-4449-9756-EFB0F2E52EC5}.Release|x64.Build.0 = Release|Any CPU
		{267F3034-AEE6-4449-9756-EFB0F2E52EC5}.Release|x86.ActiveCfg = Release|Any CPU
		{267F3034-AEE6-4449-9756-EFB0F2E52EC5}.Release|x86.Build.0 = Release|Any CPU
		{8AAB5BD2-4653-4484-811A-2F66B6B1628F}.Debug|Any CPU.ActiveCfg = Debug|Any CPU
		{8AAB5BD2-4653-4484-811A-2F66B6B1628F}.Debug|Any CPU.Build.0 = Debug|Any CPU
		{8AAB5BD2-4653-4484-811A-2F66B6B1628F}.Debug|x64.ActiveCfg = Debug|Any CPU
		{8AAB5BD2-4653-4484-811A-2F66B6B1628F}.Debug|x64.Build.0 = Debug|Any CPU
		{8AAB5BD2-4653-4484-811A-2F66B6B1628F}.Debug|x86.ActiveCfg = Debug|Any CPU
		{8AAB5BD2-4653-4484-811A-2F66B6B1628F}.Debug|x86.Build.0 = Debug|Any CPU
		{8AAB5BD2-4653-4484-811A-2F66B6B1628F}.Release|Any CPU.ActiveCfg = Release|Any CPU
		{8AAB5BD2-4653-4484-811A-2F66B6B1628F}.Release|Any CPU.Build.0 = Release|Any CPU
		{8AAB5BD2-4653-4484-811A-2F66B6B1628F}.Release|x64.ActiveCfg = Release|Any CPU
		{8AAB5BD2-4653-4484-811A-2F66B6B1628F}.Release|x64.Build.0 = Release|Any CPU
		{8AAB5BD2-4653-4484-811A-2F66B6B1628F}.Release|x86.ActiveCfg = Release|Any CPU
		{8AAB5BD2-4653-4484-811A-2F66B6B1628F}.Release|x86.Build.0 = Release|Any CPU
		{CA4A3915-1F9C-473C-B024-F22C79632666}.Debug|Any CPU.ActiveCfg = Debug|Any CPU
		{CA4A3915-1F9C-473C-B024-F22C79632666}.Debug|Any CPU.Build.0 = Debug|Any CPU
		{CA4A3915-1F9C-473C-B024-F22C79632666}.Debug|x64.ActiveCfg = Debug|Any CPU
		{CA4A3915-1F9C-473C-B024-F22C79632666}.Debug|x64.Build.0 = Debug|Any CPU
		{CA4A3915-1F9C-473C-B024-F22C79632666}.Debug|x86.ActiveCfg = Debug|Any CPU
		{CA4A3915-1F9C-473C-B024-F22C79632666}.Debug|x86.Build.0 = Debug|Any CPU
		{CA4A3915-1F9C-473C-B024-F22C79632666}.Release|Any CPU.ActiveCfg = Release|Any CPU
		{CA4A3915-1F9C-473C-B024-F22C79632666}.Release|Any CPU.Build.0 = Release|Any CPU
		{CA4A3915-1F9C-473C-B024-F22C79632666}.Release|x64.ActiveCfg = Release|Any CPU
		{CA4A3915-1F9C-473C-B024-F22C79632666}.Release|x64.Build.0 = Release|Any CPU
		{CA4A3915-1F9C-473C-B024-F22C79632666}.Release|x86.ActiveCfg = Release|Any CPU
		{CA4A3915-1F9C-473C-B024-F22C79632666}.Release|x86.Build.0 = Release|Any CPU
		{B48A5BF8-9ED1-4ABD-A178-300900D5408B}.Debug|Any CPU.ActiveCfg = Debug|Any CPU
		{B48A5BF8-9ED1-4ABD-A178-300900D5408B}.Debug|Any CPU.Build.0 = Debug|Any CPU
		{B48A5BF8-9ED1-4ABD-A178-300900D5408B}.Debug|x64.ActiveCfg = Debug|Any CPU
		{B48A5BF8-9ED1-4ABD-A178-300900D5408B}.Debug|x64.Build.0 = Debug|Any CPU
		{B48A5BF8-9ED1-4ABD-A178-300900D5408B}.Debug|x86.ActiveCfg = Debug|Any CPU
		{B48A5BF8-9ED1-4ABD-A178-300900D5408B}.Debug|x86.Build.0 = Debug|Any CPU
		{B48A5BF8-9ED1-4ABD-A178-300900D5408B}.Release|Any CPU.ActiveCfg = Release|Any CPU
		{B48A5BF8-9ED1-4ABD-A178-300900D5408B}.Release|Any CPU.Build.0 = Release|Any CPU
		{B48A5BF8-9ED1-4ABD-A178-300900D5408B}.Release|x64.ActiveCfg = Release|Any CPU
		{B48A5BF8-9ED1-4ABD-A178-300900D5408B}.Release|x64.Build.0 = Release|Any CPU
		{B48A5BF8-9ED1-4ABD-A178-300900D5408B}.Release|x86.ActiveCfg = Release|Any CPU
		{B48A5BF8-9ED1-4ABD-A178-300900D5408B}.Release|x86.Build.0 = Release|Any CPU
		{93ADE37A-C2F3-4A46-9F1C-5994C0C824F6}.Debug|Any CPU.ActiveCfg = Debug|Any CPU
		{93ADE37A-C2F3-4A46-9F1C-5994C0C824F6}.Debug|Any CPU.Build.0 = Debug|Any CPU
		{93ADE37A-C2F3-4A46-9F1C-5994C0C824F6}.Debug|x64.ActiveCfg = Debug|Any CPU
		{93ADE37A-C2F3-4A46-9F1C-5994C0C824F6}.Debug|x64.Build.0 = Debug|Any CPU
		{93ADE37A-C2F3-4A46-9F1C-5994C0C824F6}.Debug|x86.ActiveCfg = Debug|Any CPU
		{93ADE37A-C2F3-4A46-9F1C-5994C0C824F6}.Debug|x86.Build.0 = Debug|Any CPU
		{93ADE37A-C2F3-4A46-9F1C-5994C0C824F6}.Release|Any CPU.ActiveCfg = Release|Any CPU
		{93ADE37A-C2F3-4A46-9F1C-5994C0C824F6}.Release|Any CPU.Build.0 = Release|Any CPU
		{93ADE37A-C2F3-4A46-9F1C-5994C0C824F6}.Release|x64.ActiveCfg = Release|Any CPU
		{93ADE37A-C2F3-4A46-9F1C-5994C0C824F6}.Release|x64.Build.0 = Release|Any CPU
		{93ADE37A-C2F3-4A46-9F1C-5994C0C824F6}.Release|x86.ActiveCfg = Release|Any CPU
		{93ADE37A-C2F3-4A46-9F1C-5994C0C824F6}.Release|x86.Build.0 = Release|Any CPU
		{F8A1BE29-6DF7-4EC8-B213-88E1A65987C1}.Debug|Any CPU.ActiveCfg = Debug|Any CPU
		{F8A1BE29-6DF7-4EC8-B213-88E1A65987C1}.Debug|Any CPU.Build.0 = Debug|Any CPU
		{F8A1BE29-6DF7-4EC8-B213-88E1A65987C1}.Debug|x64.ActiveCfg = Debug|Any CPU
		{F8A1BE29-6DF7-4EC8-B213-88E1A65987C1}.Debug|x64.Build.0 = Debug|Any CPU
		{F8A1BE29-6DF7-4EC8-B213-88E1A65987C1}.Debug|x86.ActiveCfg = Debug|Any CPU
		{F8A1BE29-6DF7-4EC8-B213-88E1A65987C1}.Debug|x86.Build.0 = Debug|Any CPU
		{F8A1BE29-6DF7-4EC8-B213-88E1A65987C1}.Release|Any CPU.ActiveCfg = Release|Any CPU
		{F8A1BE29-6DF7-4EC8-B213-88E1A65987C1}.Release|Any CPU.Build.0 = Release|Any CPU
		{F8A1BE29-6DF7-4EC8-B213-88E1A65987C1}.Release|x64.ActiveCfg = Release|Any CPU
		{F8A1BE29-6DF7-4EC8-B213-88E1A65987C1}.Release|x64.Build.0 = Release|Any CPU
		{F8A1BE29-6DF7-4EC8-B213-88E1A65987C1}.Release|x86.ActiveCfg = Release|Any CPU
		{F8A1BE29-6DF7-4EC8-B213-88E1A65987C1}.Release|x86.Build.0 = Release|Any CPU
		{29A9DF4F-DFEC-4712-A181-24648F4107B3}.Debug|Any CPU.ActiveCfg = Debug|Any CPU
		{29A9DF4F-DFEC-4712-A181-24648F4107B3}.Debug|Any CPU.Build.0 = Debug|Any CPU
		{29A9DF4F-DFEC-4712-A181-24648F4107B3}.Debug|x64.ActiveCfg = Debug|Any CPU
		{29A9DF4F-DFEC-4712-A181-24648F4107B3}.Debug|x64.Build.0 = Debug|Any CPU
		{29A9DF4F-DFEC-4712-A181-24648F4107B3}.Debug|x86.ActiveCfg = Debug|Any CPU
		{29A9DF4F-DFEC-4712-A181-24648F4107B3}.Debug|x86.Build.0 = Debug|Any CPU
		{29A9DF4F-DFEC-4712-A181-24648F4107B3}.Release|Any CPU.ActiveCfg = Release|Any CPU
		{29A9DF4F-DFEC-4712-A181-24648F4107B3}.Release|Any CPU.Build.0 = Release|Any CPU
		{29A9DF4F-DFEC-4712-A181-24648F4107B3}.Release|x64.ActiveCfg = Release|Any CPU
		{29A9DF4F-DFEC-4712-A181-24648F4107B3}.Release|x64.Build.0 = Release|Any CPU
		{29A9DF4F-DFEC-4712-A181-24648F4107B3}.Release|x86.ActiveCfg = Release|Any CPU
		{29A9DF4F-DFEC-4712-A181-24648F4107B3}.Release|x86.Build.0 = Release|Any CPU
	EndGlobalSection
	GlobalSection(SolutionProperties) = preSolution
		HideSolutionNode = FALSE
	EndGlobalSection
	GlobalSection(NestedProjects) = preSolution
		{267F3034-AEE6-4449-9756-EFB0F2E52EC5} = {827E0CD3-B72D-47B6-A68D-7590B98EB39B}
		{8AAB5BD2-4653-4484-811A-2F66B6B1628F} = {827E0CD3-B72D-47B6-A68D-7590B98EB39B}
		{CA4A3915-1F9C-473C-B024-F22C79632666} = {827E0CD3-B72D-47B6-A68D-7590B98EB39B}
		{B48A5BF8-9ED1-4ABD-A178-300900D5408B} = {827E0CD3-B72D-47B6-A68D-7590B98EB39B}
		{93ADE37A-C2F3-4A46-9F1C-5994C0C824F6} = {827E0CD3-B72D-47B6-A68D-7590B98EB39B}
		{F8A1BE29-6DF7-4EC8-B213-88E1A65987C1} = {827E0CD3-B72D-47B6-A68D-7590B98EB39B}
		{29A9DF4F-DFEC-4712-A181-24648F4107B3} = {827E0CD3-B72D-47B6-A68D-7590B98EB39B}
	EndGlobalSection
EndGlobal
